
Microsoft Visual Studio Solution File, Format Version 12.00
# Visual Studio 14
VisualStudioVersion = 14.0.25420.1
MinimumVisualStudioVersion = 10.0.40219.1
Project("{FAE04EC0-301F-11D3-BF4B-00C04F79EFBC}") = "DeviceEventConsole", "DeviceEventWMI\DeviceEventConsole.csproj", "{DFF96617-61B0-459B-BF12-4691B63FBEB1}"
EndProject
Project("{FAE04EC0-301F-11D3-BF4B-00C04F79EFBC}") = "DeviceEventTray", "DeviceEventTray\DeviceEventTray.csproj", "{3891F541-EADB-4F75-B985-578A90400F21}"
EndProject
Global
	GlobalSection(SolutionConfigurationPlatforms) = preSolution
		Debug|Any CPU = Debug|Any CPU
		Release|Any CPU = Release|Any CPU
	EndGlobalSection
	GlobalSection(ProjectConfigurationPlatforms) = postSolution
		{DFF96617-61B0-459B-BF12-4691B63FBEB1}.Debug|Any CPU.ActiveCfg = Debug|Any CPU
		{DFF96617-61B0-459B-BF12-4691B63FBEB1}.Debug|Any CPU.Build.0 = Debug|Any CPU
		{DFF96617-61B0-459B-BF12-4691B63FBEB1}.Release|Any CPU.ActiveCfg = Release|Any CPU
		{DFF96617-61B0-459B-BF12-4691B63FBEB1}.Release|Any CPU.Build.0 = Release|Any CPU
		{3891F541-EADB-4F75-B985-578A90400F21}.Debug|Any CPU.ActiveCfg = Debug|Any CPU
		{3891F541-EADB-4F75-B985-578A90400F21}.Debug|Any CPU.Build.0 = Debug|Any CPU
		{3891F541-EADB-4F75-B985-578A90400F21}.Release|Any CPU.ActiveCfg = Release|Any CPU
		{3891F541-EADB-4F75-B985-578A90400F21}.Release|Any CPU.Build.0 = Release|Any CPU
	EndGlobalSection
	GlobalSection(SolutionProperties) = preSolution
		HideSolutionNode = FALSE
	EndGlobalSection
EndGlobal
